
Microsoft Visual Studio Solution File, Format Version 12.00
# Visual Studio Version 16
VisualStudioVersion = 25.0.1706.0
MinimumVisualStudioVersion = 10.0.40219.1
Project("{FAE04EC0-301F-11D3-BF4B-00C04F79EFBC}") = "getset1", "getset1\getset1.csproj", "{B61C1C1B-41AD-4A47-8CAB-0513ED871C93}"
EndProject
Global
	GlobalSection(SolutionConfigurationPlatforms) = preSolution
		Debug|Any CPU = Debug|Any CPU
		Release|Any CPU = Release|Any CPU
	EndGlobalSection
	GlobalSection(ProjectConfigurationPlatforms) = postSolution
		{B61C1C1B-41AD-4A47-8CAB-0513ED871C93}.Debug|Any CPU.ActiveCfg = Debug|Any CPU
		{B61C1C1B-41AD-4A47-8CAB-0513ED871C93}.Debug|Any CPU.Build.0 = Debug|Any CPU
		{B61C1C1B-41AD-4A47-8CAB-0513ED871C93}.Release|Any CPU.ActiveCfg = Release|Any CPU
		{B61C1C1B-41AD-4A47-8CAB-0513ED871C93}.Release|Any CPU.Build.0 = Release|Any CPU
	EndGlobalSection
	GlobalSection(SolutionProperties) = preSolution
		HideSolutionNode = FALSE
	EndGlobalSection
	GlobalSection(ExtensibilityGlobals) = postSolution
		SolutionGuid = {06405DC9-FDE6-4F1B-A84A-B9C25753D38F}
	EndGlobalSection
EndGlobal
